// !$*UTF8*$!
{
	archiveVersion = 1;
	classes = {
	};
	objectVersion = 48;
	objects = {

/* Begin PBXBuildFile section */
		6FAA59E920655E3B0073824E /* AppDelegate.swift in Sources */ = {isa = PBXBuildFile; fileRef = 6FAA59E820655E3B0073824E /* AppDelegate.swift */; };
		6FAA59EB20655E3B0073824E /* ViewController.swift in Sources */ = {isa = PBXBuildFile; fileRef = 6FAA59EA20655E3B0073824E /* ViewController.swift */; };
		6FAA59EE20655E3B0073824E /* Main.storyboard in Resources */ = {isa = PBXBuildFile; fileRef = 6FAA59EC20655E3B0073824E /* Main.storyboard */; };
		6FAA59F120655E3B0073824E /* iOS_Belt_Exam.xcdatamodeld in Sources */ = {isa = PBXBuildFile; fileRef = 6FAA59EF20655E3B0073824E /* iOS_Belt_Exam.xcdatamodeld */; };
		6FAA59F320655E3B0073824E /* Assets.xcassets in Resources */ = {isa = PBXBuildFile; fileRef = 6FAA59F220655E3B0073824E /* Assets.xcassets */; };
		6FAA59F620655E3B0073824E /* LaunchScreen.storyboard in Resources */ = {isa = PBXBuildFile; fileRef = 6FAA59F420655E3B0073824E /* LaunchScreen.storyboard */; };
		6FAA5A0120655E3B0073824E /* iOS_Belt_ExamTests.swift in Sources */ = {isa = PBXBuildFile; fileRef = 6FAA5A0020655E3B0073824E /* iOS_Belt_ExamTests.swift */; };
		6FAA5A0C20655E3B0073824E /* iOS_Belt_ExamUITests.swift in Sources */ = {isa = PBXBuildFile; fileRef = 6FAA5A0B20655E3B0073824E /* iOS_Belt_ExamUITests.swift */; };
/* End PBXBuildFile section */

/* Begin PBXContainerItemProxy section */
		6FAA59FD20655E3B0073824E /* PBXContainerItemProxy */ = {
			isa = PBXContainerItemProxy;
			containerPortal = 6FAA59DD20655E3B0073824E /* Project object */;
			proxyType = 1;
			remoteGlobalIDString = 6FAA59E420655E3B0073824E;
			remoteInfo = "iOS Belt Exam";
		};
		6FAA5A0820655E3B0073824E /* PBXContainerItemProxy */ = {
			isa = PBXContainerItemProxy;
			containerPortal = 6FAA59DD20655E3B0073824E /* Project object */;
			proxyType = 1;
			remoteGlobalIDString = 6FAA59E420655E3B0073824E;
			remoteInfo = "iOS Belt Exam";
		};
/* End PBXContainerItemProxy section */

/* Begin PBXFileReference section */
		6FAA59E520655E3B0073824E /* iOS Belt Exam.app */ = {isa = PBXFileReference; explicitFileType = wrapper.application; includeInIndex = 0; path = "iOS Belt Exam.app"; sourceTree = BUILT_PRODUCTS_DIR; };
		6FAA59E820655E3B0073824E /* AppDelegate.swift */ = {isa = PBXFileReference; lastKnownFileType = sourcecode.swift; path = AppDelegate.swift; sourceTree = "<group>"; };
		6FAA59EA20655E3B0073824E /* ViewController.swift */ = {isa = PBXFileReference; lastKnownFileType = sourcecode.swift; path = ViewController.swift; sourceTree = "<group>"; };
		6FAA59ED20655E3B0073824E /* Base */ = {isa = PBXFileReference; lastKnownFileType = file.storyboard; name = Base; path = Base.lproj/Main.storyboard; sourceTree = "<group>"; };
		6FAA59F020655E3B0073824E /* iOS_Belt_Exam.xcdatamodel */ = {isa = PBXFileReference; lastKnownFileType = wrapper.xcdatamodel; path = iOS_Belt_Exam.xcdatamodel; sourceTree = "<group>"; };
		6FAA59F220655E3B0073824E /* Assets.xcassets */ = {isa = PBXFileReference; lastKnownFileType = folder.assetcatalog; path = Assets.xcassets; sourceTree = "<group>"; };
		6FAA59F520655E3B0073824E /* Base */ = {isa = PBXFileReference; lastKnownFileType = file.storyboard; name = Base; path = Base.lproj/LaunchScreen.storyboard; sourceTree = "<group>"; };
		6FAA59F720655E3B0073824E /* Info.plist */ = {isa = PBXFileReference; lastKnownFileType = text.plist.xml; path = Info.plist; sourceTree = "<group>"; };
		6FAA59FC20655E3B0073824E /* iOS Belt ExamTests.xctest */ = {isa = PBXFileReference; explicitFileType = wrapper.cfbundle; includeInIndex = 0; path = "iOS Belt ExamTests.xctest"; sourceTree = BUILT_PRODUCTS_DIR; };
		6FAA5A0020655E3B0073824E /* iOS_Belt_ExamTests.swift */ = {isa = PBXFileReference; lastKnownFileType = sourcecode.swift; path = iOS_Belt_ExamTests.swift; sourceTree = "<group>"; };
		6FAA5A0220655E3B0073824E /* Info.plist */ = {isa = PBXFileReference; lastKnownFileType = text.plist.xml; path = Info.plist; sourceTree = "<group>"; };
		6FAA5A0720655E3B0073824E /* iOS Belt ExamUITests.xctest */ = {isa = PBXFileReference; explicitFileType = wrapper.cfbundle; includeInIndex = 0; path = "iOS Belt ExamUITests.xctest"; sourceTree = BUILT_PRODUCTS_DIR; };
		6FAA5A0B20655E3B0073824E /* iOS_Belt_ExamUITests.swift */ = {isa = PBXFileReference; lastKnownFileType = sourcecode.swift; path = iOS_Belt_ExamUITests.swift; sourceTree = "<group>"; };
		6FAA5A0D20655E3B0073824E /* Info.plist */ = {isa = PBXFileReference; lastKnownFileType = text.plist.xml; path = Info.plist; sourceTree = "<group>"; };
/* End PBXFileReference section */

/* Begin PBXFrameworksBuildPhase section */
		6FAA59E220655E3B0073824E /* Frameworks */ = {
			isa = PBXFrameworksBuildPhase;
			buildActionMask = 2147483647;
			files = (
			);
			runOnlyForDeploymentPostprocessing = 0;
		};
		6FAA59F920655E3B0073824E /* Frameworks */ = {
			isa = PBXFrameworksBuildPhase;
			buildActionMask = 2147483647;
			files = (
			);
			runOnlyForDeploymentPostprocessing = 0;
		};
		6FAA5A0420655E3B0073824E /* Frameworks */ = {
			isa = PBXFrameworksBuildPhase;
			buildActionMask = 2147483647;
			files = (
			);
			runOnlyForDeploymentPostprocessing = 0;
		};
/* End PBXFrameworksBuildPhase section */

/* Begin PBXGroup section */
		6FAA59DC20655E3B0073824E = {
			isa = PBXGroup;
			children = (
				6FAA59E720655E3B0073824E /* iOS Belt Exam */,
				6FAA59FF20655E3B0073824E /* iOS Belt ExamTests */,
				6FAA5A0A20655E3B0073824E /* iOS Belt ExamUITests */,
				6FAA59E620655E3B0073824E /* Products */,
			);
			sourceTree = "<group>";
		};
		6FAA59E620655E3B0073824E /* Products */ = {
			isa = PBXGroup;
			children = (
				6FAA59E520655E3B0073824E /* iOS Belt Exam.app */,
				6FAA59FC20655E3B0073824E /* iOS Belt ExamTests.xctest */,
				6FAA5A0720655E3B0073824E /* iOS Belt ExamUITests.xctest */,
			);
			name = Products;
			sourceTree = "<group>";
		};
		6FAA59E720655E3B0073824E /* iOS Belt Exam */ = {
			isa = PBXGroup;
			children = (
				6FAA59E820655E3B0073824E /* AppDelegate.swift */,
				6FAA59EA20655E3B0073824E /* ViewController.swift */,
				6FAA59EC20655E3B0073824E /* Main.storyboard */,
				6FAA59F220655E3B0073824E /* Assets.xcassets */,
				6FAA59F420655E3B0073824E /* LaunchScreen.storyboard */,
				6FAA59F720655E3B0073824E /* Info.plist */,
				6FAA59EF20655E3B0073824E /* iOS_Belt_Exam.xcdatamodeld */,
			);
			path = "iOS Belt Exam";
			sourceTree = "<group>";
		};
		6FAA59FF20655E3B0073824E /* iOS Belt ExamTests */ = {
			isa = PBXGroup;
			children = (
				6FAA5A0020655E3B0073824E /* iOS_Belt_ExamTests.swift */,
				6FAA5A0220655E3B0073824E /* Info.plist */,
			);
			path = "iOS Belt ExamTests";
			sourceTree = "<group>";
		};
		6FAA5A0A20655E3B0073824E /* iOS Belt ExamUITests */ = {
			isa = PBXGroup;
			children = (
				6FAA5A0B20655E3B0073824E /* iOS_Belt_ExamUITests.swift */,
				6FAA5A0D20655E3B0073824E /* Info.plist */,
			);
			path = "iOS Belt ExamUITests";
			sourceTree = "<group>";
		};
/* End PBXGroup section */

/* Begin PBXNativeTarget section */
		6FAA59E420655E3B0073824E /* iOS Belt Exam */ = {
			isa = PBXNativeTarget;
			buildConfigurationList = 6FAA5A1020655E3B0073824E /* Build configuration list for PBXNativeTarget "iOS Belt Exam" */;
			buildPhases = (
				6FAA59E120655E3B0073824E /* Sources */,
				6FAA59E220655E3B0073824E /* Frameworks */,
				6FAA59E320655E3B0073824E /* Resources */,
			);
			buildRules = (
			);
			dependencies = (
			);
			name = "iOS Belt Exam";
			productName = "iOS Belt Exam";
			productReference = 6FAA59E520655E3B0073824E /* iOS Belt Exam.app */;
			productType = "com.apple.product-type.application";
		};
		6FAA59FB20655E3B0073824E /* iOS Belt ExamTests */ = {
			isa = PBXNativeTarget;
			buildConfigurationList = 6FAA5A1320655E3B0073824E /* Build configuration list for PBXNativeTarget "iOS Belt ExamTests" */;
			buildPhases = (
				6FAA59F820655E3B0073824E /* Sources */,
				6FAA59F920655E3B0073824E /* Frameworks */,
				6FAA59FA20655E3B0073824E /* Resources */,
			);
			buildRules = (
			);
			dependencies = (
				6FAA59FE20655E3B0073824E /* PBXTargetDependency */,
			);
			name = "iOS Belt ExamTests";
			productName = "iOS Belt ExamTests";
			productReference = 6FAA59FC20655E3B0073824E /* iOS Belt ExamTests.xctest */;
			productType = "com.apple.product-type.bundle.unit-test";
		};
		6FAA5A0620655E3B0073824E /* iOS Belt ExamUITests */ = {
			isa = PBXNativeTarget;
			buildConfigurationList = 6FAA5A1620655E3B0073824E /* Build configuration list for PBXNativeTarget "iOS Belt ExamUITests" */;
			buildPhases = (
				6FAA5A0320655E3B0073824E /* Sources */,
				6FAA5A0420655E3B0073824E /* Frameworks */,
				6FAA5A0520655E3B0073824E /* Resources */,
			);
			buildRules = (
			);
			dependencies = (
				6FAA5A0920655E3B0073824E /* PBXTargetDependency */,
			);
			name = "iOS Belt ExamUITests";
			productName = "iOS Belt ExamUITests";
			productReference = 6FAA5A0720655E3B0073824E /* iOS Belt ExamUITests.xctest */;
			productType = "com.apple.product-type.bundle.ui-testing";
		};
/* End PBXNativeTarget section */

/* Begin PBXProject section */
		6FAA59DD20655E3B0073824E /* Project object */ = {
			isa = PBXProject;
			attributes = {
				LastSwiftUpdateCheck = 0920;
				LastUpgradeCheck = 0920;
				ORGANIZATIONNAME = "Ian Yang";
				TargetAttributes = {
					6FAA59E420655E3B0073824E = {
						CreatedOnToolsVersion = 9.2;
						ProvisioningStyle = Automatic;
					};
					6FAA59FB20655E3B0073824E = {
						CreatedOnToolsVersion = 9.2;
						ProvisioningStyle = Automatic;
						TestTargetID = 6FAA59E420655E3B0073824E;
					};
					6FAA5A0620655E3B0073824E = {
						CreatedOnToolsVersion = 9.2;
						ProvisioningStyle = Automatic;
						TestTargetID = 6FAA59E420655E3B0073824E;
					};
				};
			};
			buildConfigurationList = 6FAA59E020655E3B0073824E /* Build configuration list for PBXProject "iOS Belt Exam" */;
			compatibilityVersion = "Xcode 8.0";
			developmentRegion = en;
			hasScannedForEncodings = 0;
			knownRegions = (
				en,
				Base,
			);
			mainGroup = 6FAA59DC20655E3B0073824E;
			productRefGroup = 6FAA59E620655E3B0073824E /* Products */;
			projectDirPath = "";
			projectRoot = "";
			targets = (
				6FAA59E420655E3B0073824E /* iOS Belt Exam */,
				6FAA59FB20655E3B0073824E /* iOS Belt ExamTests */,
				6FAA5A0620655E3B0073824E /* iOS Belt ExamUITests */,
			);
		};
/* End PBXProject section */

/* Begin PBXResourcesBuildPhase section */
		6FAA59E320655E3B0073824E /* Resources */ = {
			isa = PBXResourcesBuildPhase;
			buildActionMask = 2147483647;
			files = (
				6FAA59F620655E3B0073824E /* LaunchScreen.storyboard in Resources */,
				6FAA59F320655E3B0073824E /* Assets.xcassets in Resources */,
				6FAA59EE20655E3B0073824E /* Main.storyboard in Resources */,
			);
			runOnlyForDeploymentPostprocessing = 0;
		};
		6FAA59FA20655E3B0073824E /* Resources */ = {
			isa = PBXResourcesBuildPhase;
			buildActionMask = 2147483647;
			files = (
			);
			runOnlyForDeploymentPostprocessing = 0;
		};
		6FAA5A0520655E3B0073824E /* Resources */ = {
			isa = PBXResourcesBuildPhase;
			buildActionMask = 2147483647;
			files = (
			);
			runOnlyForDeploymentPostprocessing = 0;
		};
/* End PBXResourcesBuildPhase section */

/* Begin PBXSourcesBuildPhase section */
		6FAA59E120655E3B0073824E /* Sources */ = {
			isa = PBXSourcesBuildPhase;
			buildActionMask = 2147483647;
			files = (
				6FAA59EB20655E3B0073824E /* ViewController.swift in Sources */,
				6FAA59F120655E3B0073824E /* iOS_Belt_Exam.xcdatamodeld in Sources */,
				6FAA59E920655E3B0073824E /* AppDelegate.swift in Sources */,
			);
			runOnlyForDeploymentPostprocessing = 0;
		};
		6FAA59F820655E3B0073824E /* Sources */ = {
			isa = PBXSourcesBuildPhase;
			buildActionMask = 2147483647;
			files = (
				6FAA5A0120655E3B0073824E /* iOS_Belt_ExamTests.swift in Sources */,
			);
			runOnlyForDeploymentPostprocessing = 0;
		};
		6FAA5A0320655E3B0073824E /* Sources */ = {
			isa = PBXSourcesBuildPhase;
			buildActionMask = 2147483647;
			files = (
				6FAA5A0C20655E3B0073824E /* iOS_Belt_ExamUITests.swift in Sources */,
			);
			runOnlyForDeploymentPostprocessing = 0;
		};
/* End PBXSourcesBuildPhase section */

/* Begin PBXTargetDependency section */
		6FAA59FE20655E3B0073824E /* PBXTargetDependency */ = {
			isa = PBXTargetDependency;
			target = 6FAA59E420655E3B0073824E /* iOS Belt Exam */;
			targetProxy = 6FAA59FD20655E3B0073824E /* PBXContainerItemProxy */;
		};
		6FAA5A0920655E3B0073824E /* PBXTargetDependency */ = {
			isa = PBXTargetDependency;
			target = 6FAA59E420655E3B0073824E /* iOS Belt Exam */;
			targetProxy = 6FAA5A0820655E3B0073824E /* PBXContainerItemProxy */;
		};
/* End PBXTargetDependency section */

/* Begin PBXVariantGroup section */
		6FAA59EC20655E3B0073824E /* Main.storyboard */ = {
			isa = PBXVariantGroup;
			children = (
				6FAA59ED20655E3B0073824E /* Base */,
			);
			name = Main.storyboard;
			sourceTree = "<group>";
		};
		6FAA59F420655E3B0073824E /* LaunchScreen.storyboard */ = {
			isa = PBXVariantGroup;
			children = (
				6FAA59F520655E3B0073824E /* Base */,
			);
			name = LaunchScreen.storyboard;
			sourceTree = "<group>";
		};
/* End PBXVariantGroup section */

/* Begin XCBuildConfiguration section */
		6FAA5A0E20655E3B0073824E /* Debug */ = {
			isa = XCBuildConfiguration;
			buildSettings = {
				ALWAYS_SEARCH_USER_PATHS = NO;
				CLANG_ANALYZER_NONNULL = YES;
				CLANG_ANALYZER_NUMBER_OBJECT_CONVERSION = YES_AGGRESSIVE;
				CLANG_CXX_LANGUAGE_STANDARD = "gnu++14";
				CLANG_CXX_LIBRARY = "libc++";
				CLANG_ENABLE_MODULES = YES;
				CLANG_ENABLE_OBJC_ARC = YES;
				CLANG_WARN_BLOCK_CAPTURE_AUTORELEASING = YES;
				CLANG_WARN_BOOL_CONVERSION = YES;
				CLANG_WARN_COMMA = YES;
				CLANG_WARN_CONSTANT_CONVERSION = YES;
				CLANG_WARN_DIRECT_OBJC_ISA_USAGE = YES_ERROR;
				CLANG_WARN_DOCUMENTATION_COMMENTS = YES;
				CLANG_WARN_EMPTY_BODY = YES;
				CLANG_WARN_ENUM_CONVERSION = YES;
				CLANG_WARN_INFINITE_RECURSION = YES;
				CLANG_WARN_INT_CONVERSION = YES;
				CLANG_WARN_NON_LITERAL_NULL_CONVERSION = YES;
				CLANG_WARN_OBJC_LITERAL_CONVERSION = YES;
				CLANG_WARN_OBJC_ROOT_CLASS = YES_ERROR;
				CLANG_WARN_RANGE_LOOP_ANALYSIS = YES;
				CLANG_WARN_STRICT_PROTOTYPES = YES;
				CLANG_WARN_SUSPICIOUS_MOVE = YES;
				CLANG_WARN_UNGUARDED_AVAILABILITY = YES_AGGRESSIVE;
				CLANG_WARN_UNREACHABLE_CODE = YES;
				CLANG_WARN__DUPLICATE_METHOD_MATCH = YES;
				CODE_SIGN_IDENTITY = "iPhone Developer";
				COPY_PHASE_STRIP = NO;
				DEBUG_INFORMATION_FORMAT = dwarf;
				ENABLE_STRICT_OBJC_MSGSEND = YES;
				ENABLE_TESTABILITY = YES;
				GCC_C_LANGUAGE_STANDARD = gnu11;
				GCC_DYNAMIC_NO_PIC = NO;
				GCC_NO_COMMON_BLOCKS = YES;
				GCC_OPTIMIZATION_LEVEL = 0;
				GCC_PREPROCESSOR_DEFINITIONS = (
					"DEBUG=1",
					"$(inherited)",
				);
				GCC_WARN_64_TO_32_BIT_CONVERSION = YES;
				GCC_WARN_ABOUT_RETURN_TYPE = YES_ERROR;
				GCC_WARN_UNDECLARED_SELECTOR = YES;
				GCC_WARN_UNINITIALIZED_AUTOS = YES_AGGRESSIVE;
				GCC_WARN_UNUSED_FUNCTION = YES;
				GCC_WARN_UNUSED_VARIABLE = YES;
				IPHONEOS_DEPLOYMENT_TARGET = 11.2;
				MTL_ENABLE_DEBUG_INFO = YES;
				ONLY_ACTIVE_ARCH = YES;
				SDKROOT = iphoneos;
				SWIFT_ACTIVE_COMPILATION_CONDITIONS = DEBUG;
				SWIFT_OPTIMIZATION_LEVEL = "-Onone";
			};
			name = Debug;
		};
		6FAA5A0F20655E3B0073824E /* Release */ = {
			isa = XCBuildConfiguration;
			buildSettings = {
				ALWAYS_SEARCH_USER_PATHS = NO;
				CLANG_ANALYZER_NONNULL = YES;
				CLANG_ANALYZER_NUMBER_OBJECT_CONVERSION = YES_AGGRESSIVE;
				CLANG_CXX_LANGUAGE_STANDARD = "gnu++14";
				CLANG_CXX_LIBRARY = "libc++";
				CLANG_ENABLE_MODULES = YES;
				CLANG_ENABLE_OBJC_ARC = YES;
				CLANG_WARN_BLOCK_CAPTURE_AUTORELEASING = YES;
				CLANG_WARN_BOOL_CONVERSION = YES;
				CLANG_WARN_COMMA = YES;
				CLANG_WARN_CONSTANT_CONVERSION = YES;
				CLANG_WARN_DIRECT_OBJC_ISA_USAGE = YES_ERROR;
				CLANG_WARN_DOCUMENTATION_COMMENTS = YES;
				CLANG_WARN_EMPTY_BODY = YES;
				CLANG_WARN_ENUM_CONVERSION = YES;
				CLANG_WARN_INFINITE_RECURSION = YES;
				CLANG_WARN_INT_CONVERSION = YES;
				CLANG_WARN_NON_LITERAL_NULL_CONVERSION = YES;
				CLANG_WARN_OBJC_LITERAL_CONVERSION = YES;
				CLANG_WARN_OBJC_ROOT_CLASS = YES_ERROR;
				CLANG_WARN_RANGE_LOOP_ANALYSIS = YES;
				CLANG_WARN_STRICT_PROTOTYPES = YES;
				CLANG_WARN_SUSPICIOUS_MOVE = YES;
				CLANG_WARN_UNGUARDED_AVAILABILITY = YES_AGGRESSIVE;
				CLANG_WARN_UNREACHABLE_CODE = YES;
				CLANG_WARN__DUPLICATE_METHOD_MATCH = YES;
				CODE_SIGN_IDENTITY = "iPhone Developer";
				COPY_PHASE_STRIP = NO;
				DEBUG_INFORMATION_FORMAT = "dwarf-with-dsym";
				ENABLE_NS_ASSERTIONS = NO;
				ENABLE_STRICT_OBJC_MSGSEND = YES;
				GCC_C_LANGUAGE_STANDARD = gnu11;
				GCC_NO_COMMON_BLOCKS = YES;
				GCC_WARN_64_TO_32_BIT_CONVERSION = YES;
				GCC_WARN_ABOUT_RETURN_TYPE = YES_ERROR;
				GCC_WARN_UNDECLARED_SELECTOR = YES;
				GCC_WARN_UNINITIALIZED_AUTOS = YES_AGGRESSIVE;
				GCC_WARN_UNUSED_FUNCTION = YES;
				GCC_WARN_UNUSED_VARIABLE = YES;
				IPHONEOS_DEPLOYMENT_TARGET = 11.2;
				MTL_ENABLE_DEBUG_INFO = NO;
				SDKROOT = iphoneos;
				SWIFT_OPTIMIZATION_LEVEL = "-Owholemodule";
				VALIDATE_PRODUCT = YES;
			};
			name = Release;
		};
		6FAA5A1120655E3B0073824E /* Debug */ = {
			isa = XCBuildConfiguration;
			buildSettings = {
				ASSETCATALOG_COMPILER_APPICON_NAME = AppIcon;
				CODE_SIGN_STYLE = Automatic;
				INFOPLIST_FILE = "iOS Belt Exam/Info.plist";
				LD_RUNPATH_SEARCH_PATHS = "$(inherited) @executable_path/Frameworks";
				PRODUCT_BUNDLE_IDENTIFIER = "com.mycompany.iOS-Belt-Exam";
				PRODUCT_NAME = "$(TARGET_NAME)";
				SWIFT_VERSION = 4.0;
				TARGETED_DEVICE_FAMILY = "1,2";
			};
			name = Debug;
		};
		6FAA5A1220655E3B0073824E /* Release */ = {
			isa = XCBuildConfiguration;
			buildSettings = {
				ASSETCATALOG_COMPILER_APPICON_NAME = AppIcon;
				CODE_SIGN_STYLE = Automatic;
				INFOPLIST_FILE = "iOS Belt Exam/Info.plist";
				LD_RUNPATH_SEARCH_PATHS = "$(inherited) @executable_path/Frameworks";
				PRODUCT_BUNDLE_IDENTIFIER = "com.mycompany.iOS-Belt-Exam";
				PRODUCT_NAME = "$(TARGET_NAME)";
				SWIFT_VERSION = 4.0;
				TARGETED_DEVICE_FAMILY = "1,2";
			};
			name = Release;
		};
		6FAA5A1420655E3B0073824E /* Debug */ = {
			isa = XCBuildConfiguration;
			buildSettings = {
				ALWAYS_EMBED_SWIFT_STANDARD_LIBRARIES = YES;
				BUNDLE_LOADER = "$(TEST_HOST)";
				CODE_SIGN_STYLE = Automatic;
				INFOPLIST_FILE = "iOS Belt ExamTests/Info.plist";
				LD_RUNPATH_SEARCH_PATHS = "$(inherited) @executable_path/Frameworks @loader_path/Frameworks";
				PRODUCT_BUNDLE_IDENTIFIER = "com.mycompany.iOS-Belt-ExamTests";
				PRODUCT_NAME = "$(TARGET_NAME)";
				SWIFT_VERSION = 4.0;
				TARGETED_DEVICE_FAMILY = "1,2";
				TEST_HOST = "$(BUILT_PRODUCTS_DIR)/iOS Belt Exam.app/iOS Belt Exam";
			};
			name = Debug;
		};
		6FAA5A1520655E3B0073824E /* Release */ = {
			isa = XCBuildConfiguration;
			buildSettings = {
				ALWAYS_EMBED_SWIFT_STANDARD_LIBRARIES = YES;
				BUNDLE_LOADER = "$(TEST_HOST)";
				CODE_SIGN_STYLE = Automatic;
				INFOPLIST_FILE = "iOS Belt ExamTests/Info.plist";
				LD_RUNPATH_SEARCH_PATHS = "$(inherited) @executable_path/Frameworks @loader_path/Frameworks";
				PRODUCT_BUNDLE_IDENTIFIER = "com.mycompany.iOS-Belt-ExamTests";
				PRODUCT_NAME = "$(TARGET_NAME)";
				SWIFT_VERSION = 4.0;
				TARGETED_DEVICE_FAMILY = "1,2";
				TEST_HOST = "$(BUILT_PRODUCTS_DIR)/iOS Belt Exam.app/iOS Belt Exam";
			};
			name = Release;
		};
		6FAA5A1720655E3B0073824E /* Debug */ = {
			isa = XCBuildConfiguration;
			buildSettings = {
				ALWAYS_EMBED_SWIFT_STANDARD_LIBRARIES = YES;
				CODE_SIGN_STYLE = Automatic;
				INFOPLIST_FILE = "iOS Belt ExamUITests/Info.plist";
				LD_RUNPATH_SEARCH_PATHS = "$(inherited) @executable_path/Frameworks @loader_path/Frameworks";
				PRODUCT_BUNDLE_IDENTIFIER = "com.mycompany.iOS-Belt-ExamUITests";
				PRODUCT_NAME = "$(TARGET_NAME)";
				SWIFT_VERSION = 4.0;
				TARGETED_DEVICE_FAMILY = "1,2";
				TEST_TARGET_NAME = "iOS Belt Exam";
			};
			name = Debug;
		};
		6FAA5A1820655E3B0073824E /* Release */ = {
			isa = XCBuildConfiguration;
			buildSettings = {
				ALWAYS_EMBED_SWIFT_STANDARD_LIBRARIES = YES;
				CODE_SIGN_STYLE = Automatic;
				INFOPLIST_FILE = "iOS Belt ExamUITests/Info.plist";
				LD_RUNPATH_SEARCH_PATHS = "$(inherited) @executable_path/Frameworks @loader_path/Frameworks";
				PRODUCT_BUNDLE_IDENTIFIER = "com.mycompany.iOS-Belt-ExamUITests";
				PRODUCT_NAME = "$(TARGET_NAME)";
				SWIFT_VERSION = 4.0;
				TARGETED_DEVICE_FAMILY = "1,2";
				TEST_TARGET_NAME = "iOS Belt Exam";
			};
			name = Release;
		};
/* End XCBuildConfiguration section */

/* Begin XCConfigurationList section */
		6FAA59E020655E3B0073824E /* Build configuration list for PBXProject "iOS Belt Exam" */ = {
			isa = XCConfigurationList;
			buildConfigurations = (
				6FAA5A0E20655E3B0073824E /* Debug */,
				6FAA5A0F20655E3B0073824E /* Release */,
			);
			defaultConfigurationIsVisible = 0;
			defaultConfigurationName = Release;
		};
		6FAA5A1020655E3B0073824E /* Build configuration list for PBXNativeTarget "iOS Belt Exam" */ = {
			isa = XCConfigurationList;
			buildConfigurations = (
				6FAA5A1120655E3B0073824E /* Debug */,
				6FAA5A1220655E3B0073824E /* Release */,
			);
			defaultConfigurationIsVisible = 0;
			defaultConfigurationName = Release;
		};
		6FAA5A1320655E3B0073824E /* Build configuration list for PBXNativeTarget "iOS Belt ExamTests" */ = {
			isa = XCConfigurationList;
			buildConfigurations = (
				6FAA5A1420655E3B0073824E /* Debug */,
				6FAA5A1520655E3B0073824E /* Release */,
			);
			defaultConfigurationIsVisible = 0;
			defaultConfigurationName = Release;
		};
		6FAA5A1620655E3B0073824E /* Build configuration list for PBXNativeTarget "iOS Belt ExamUITests" */ = {
			isa = XCConfigurationList;
			buildConfigurations = (
				6FAA5A1720655E3B0073824E /* Debug */,
				6FAA5A1820655E3B0073824E /* Release */,
			);
			defaultConfigurationIsVisible = 0;
			defaultConfigurationName = Release;
		};
/* End XCConfigurationList section */

/* Begin XCVersionGroup section */
		6FAA59EF20655E3B0073824E /* iOS_Belt_Exam.xcdatamodeld */ = {
			isa = XCVersionGroup;
			children = (
				6FAA59F020655E3B0073824E /* iOS_Belt_Exam.xcdatamodel */,
			);
			currentVersion = 6FAA59F020655E3B0073824E /* iOS_Belt_Exam.xcdatamodel */;
			path = iOS_Belt_Exam.xcdatamodeld;
			sourceTree = "<group>";
			versionGroupType = wrapper.xcdatamodel;
		};
/* End XCVersionGroup section */
	};
	rootObject = 6FAA59DD20655E3B0073824E /* Project object */;
}
